{
  "name": "s",
  "version": "0.0.0",
  "lockfileVersion": 1,
  "requires": true,
  "dependencies": {
    "bootstrap": {
      "version": "3.4.1",
      "resolved": "https://registry.npmjs.org/bootstrap/-/bootstrap-3.4.1.tgz",
      "integrity": "sha512-yN5oZVmRCwe5aKwzRj6736nSmKDX7pLYwsXiCj/EYmo16hODaBiT4En5btW/jhBF/seV+XMx3aYwukYC3A49DA=="
    },
    "d3": {
      "version": "4.0.0",
      "resolved": "https://registry.npmjs.org/d3/-/d3-4.0.0.tgz",
      "integrity": "sha1-PhCDua82fNlq6L99IQ3EmpB+DCs=",
      "requires": {
        "d3-array": "1.0.0",
        "d3-axis": "1.0.0",
        "d3-brush": "1.0.1",
        "d3-collection": "1.0.0",
        "d3-color": "1.0.0",
        "d3-dispatch": "1.0.0",
        "d3-drag": "1.0.0",
        "d3-dsv": "1.0.0",
        "d3-ease": "1.0.0",
        "d3-force": "1.0.0",
        "d3-format": "1.0.0",
        "d3-geo": "1.0.0",
        "d3-hierarchy": "1.0.0",
        "d3-interpolate": "1.0.0",
        "d3-path": "1.0.0",
        "d3-polygon": "1.0.0",
        "d3-quadtree": "1.0.0",
        "d3-queue": "3.0.1",
        "d3-random": "1.0.0",
        "d3-request": "1.0.0",
        "d3-scale": "1.0.0",
        "d3-selection": "1.0.0",
        "d3-shape": "1.0.0",
        "d3-time": "1.0.0",
        "d3-time-format": "2.0.0",
        "d3-timer": "1.0.0",
        "d3-transition": "1.0.0",
        "d3-voronoi": "1.0.0",
        "d3-zoom": "1.0.1"
      }
    },
    "d3-array": {
      "version": "1.0.0",
      "resolved": "https://registry.npmjs.org/d3-array/-/d3-array-1.0.0.tgz",
      "integrity": "sha1-8OVQ6JrMp/2rdMr+SR99gshwR68="
    },
    "d3-axis": {
      "version": "1.0.0",
      "resolved": "https://registry.npmjs.org/d3-axis/-/d3-axis-1.0.0.tgz",
      "integrity": "sha1-sTKFex8OgCR9ZIYa1XaZ15GHpPE="
    },
    "d3-brush": {
      "version": "1.0.1",
      "resolved": "https://registry.npmjs.org/d3-brush/-/d3-brush-1.0.1.tgz",
      "integrity": "sha1-1Fev/CZxpUzBzFQp7/bEwAvQyOM=",
      "requires": {
        "d3-dispatch": "1",
        "d3-drag": "1",
        "d3-interpolate": "1",
        "d3-selection": "1",
        "d3-transition": "1"
      }
    },
    "d3-collection": {
      "version": "1.0.0",
      "resolved": "https://registry.npmjs.org/d3-collection/-/d3-collection-1.0.0.tgz",
      "integrity": "sha1-EZ/mM7+UazTWgrp9roooLG9phHs="
    },
    "d3-color": {
      "version": "1.0.0",
      "resolved": "https://registry.npmjs.org/d3-color/-/d3-color-1.0.0.tgz",
      "integrity": "sha1-6qv524d6LnltJ2RKj1uT3fn/boQ="
    },
    "d3-dispatch": {
      "version": "1.0.0",
      "resolved": "https://registry.npmjs.org/d3-dispatch/-/d3-dispatch-1.0.0.tgz",
      "integrity": "sha1-fzbCFkmhDyoyRR3MqHmKBUFkSb4="
    },
    "d3-drag": {
      "version": "1.0.0",
      "resolved": "https://registry.npmjs.org/d3-drag/-/d3-drag-1.0.0.tgz",
      "integrity": "sha1-NPDLYmV1T5TdH8NCpXRu22Deumw=",
      "requires": {
        "d3-dispatch": "1",
        "d3-selection": "1"
      }
    },
    "d3-dsv": {
      "version": "1.0.0",
      "resolved": "https://registry.npmjs.org/d3-dsv/-/d3-dsv-1.0.0.tgz",
      "integrity": "sha1-RRQvTYT/tiIO8JwXe2L+fyKBqBM=",
      "requires": {
        "rw": "1"
      }
    },
    "d3-ease": {
      "version": "1.0.0",
      "resolved": "https://registry.npmjs.org/d3-ease/-/d3-ease-1.0.0.tgz",
      "integrity": "sha1-AZgbM/MMpug7XgO3hnNF8EV9eaU="
    },
    "d3-force": {
      "version": "1.0.0",
      "resolved": "https://registry.npmjs.org/d3-force/-/d3-force-1.0.0.tgz",
      "integrity": "sha1-XxlaoSahnIPwQcsUjmr2WuVF0vo=",
      "requires": {
        "d3-collection": "1",
        "d3-dispatch": "1",
        "d3-quadtree": "1",
        "d3-timer": "1"
      }
    },
    "d3-format": {
      "version": "1.0.0",
      "resolved": "https://registry.npmjs.org/d3-format/-/d3-format-1.0.0.tgz",
      "integrity": "sha1-e5jQfZkFedCEtD516y663sEvzk0="
    },
    "d3-geo": {
      "version": "1.0.0",
      "resolved": "https://registry.npmjs.org/d3-geo/-/d3-geo-1.0.0.tgz",
      "integrity": "sha1-fETXS707yKxPH9Geil8fytwkND4=",
      "requires": {
        "d3-array": "1"
      }
    },
    "d3-hierarchy": {
      "version": "1.0.0",
      "resolved": "https://registry.npmjs.org/d3-hierarchy/-/d3-hierarchy-1.0.0.tgz",
      "integrity": "sha1-Fei6Kax1DAYFcwWm7FVBAmPH/Qo="
    },
    "d3-interpolate": {
      "version": "1.0.0",
      "resolved": "https://registry.npmjs.org/d3-interpolate/-/d3-interpolate-1.0.0.tgz",
      "integrity": "sha1-6Q6pC+5YJo4IZDKQ0WBEXyZRHfo=",
      "requires": {
        "d3-color": "1"
      }
    },
    "d3-path": {
      "version": "1.0.0",
      "resolved": "https://registry.npmjs.org/d3-path/-/d3-path-1.0.0.tgz",
      "integrity": "sha1-MKjO5g6Ngh9lf9wkgQdVvvkmnnY="
    },
    "d3-polygon": {
      "version": "1.0.0",
      "resolved": "https://registry.npmjs.org/d3-polygon/-/d3-polygon-1.0.0.tgz",
      "integrity": "sha1-WAeVhddaBKLy6yYLw35mMhn9MUQ="
    },
    "d3-quadtree": {
      "version": "1.0.0",
      "resolved": "https://registry.npmjs.org/d3-quadtree/-/d3-quadtree-1.0.0.tgz",
      "integrity": "sha1-Q8BokdeyUyZlbjj+wWxGnllvFH4="
    },
    "d3-queue": {
      "version": "3.0.1",
      "resolved": "https://registry.npmjs.org/d3-queue/-/d3-queue-3.0.1.tgz",
      "integrity": "sha1-ozGNA4lejxoxOzpeRiaO+fMRfWc="
    },
    "d3-random": {
      "version": "1.0.0",
      "resolved": "https://registry.npmjs.org/d3-random/-/d3-random-1.0.0.tgz",
      "integrity": "sha1-5cvTjx2oQh1Sa/a7NDgZRq5PtAk="
    },
    "d3-request": {
      "version": "1.0.0",
      "resolved": "https://registry.npmjs.org/d3-request/-/d3-request-1.0.0.tgz",
      "integrity": "sha1-q7K7yGw4aQTfMY0wAImFeYbq7d8=",
      "requires": {
        "d3-collection": "1",
        "d3-dispatch": "1",
        "d3-dsv": "1",
        "xmlhttprequest": "1"
      }
    },
    "d3-scale": {
      "version": "1.0.0",
      "resolved": "https://registry.npmjs.org/d3-scale/-/d3-scale-1.0.0.tgz",
      "integrity": "sha1-C0F1yjHL5l4lRCfkZi3678NzRi0=",
      "requires": {
        "d3-array": "1",
        "d3-collection": "1",
        "d3-color": "1",
        "d3-format": "1",
        "d3-interpolate": "1",
        "d3-time": "1",
        "d3-time-format": "2"
      }
    },
    "d3-selection": {
      "version": "1.0.0",
      "resolved": "https://registry.npmjs.org/d3-selection/-/d3-selection-1.0.0.tgz",
      "integrity": "sha1-MHpYLzGf4VeesKYOZt2rdGYIXBI="
    },
    "d3-shape": {
      "version": "1.0.0",
      "resolved": "https://registry.npmjs.org/d3-shape/-/d3-shape-1.0.0.tgz",
      "integrity": "sha1-zKMySHV55Fc1TIg4oKKDvmOEWbo=",
      "requires": {
        "d3-path": "1"
      }
    },
    "d3-time": {
      "version": "1.0.0",
      "resolved": "https://registry.npmjs.org/d3-time/-/d3-time-1.0.0.tgz",
      "integrity": "sha1-u/5eeN2zE/BywroAy7bpbh1BnH8="
    },
    "d3-time-format": {
      "version": "2.0.0",
      "resolved": "https://registry.npmjs.org/d3-time-format/-/d3-time-format-2.0.0.tgz",
      "integrity": "sha1-KVL138Qq/q4dQ8vwl+d1jpu8qH4=",
      "requires": {
        "d3-time": "1"
      }
    },
    "d3-timer": {
      "version": "1.0.0",
      "resolved": "https://registry.npmjs.org/d3-timer/-/d3-timer-1.0.0.tgz",
      "integrity": "sha1-p3/GnSSP4fbbrWEQhoroW2bhODk="
    },
    "d3-transition": {
      "version": "1.0.0",
      "resolved": "https://registry.npmjs.org/d3-transition/-/d3-transition-1.0.0.tgz",
      "integrity": "sha1-pPUPJ3uwhJNgOjD7kEUZ8+3UzSM=",
      "requires": {
        "d3-color": "1",
        "d3-dispatch": "1",
        "d3-ease": "1",
        "d3-interpolate": "1",
        "d3-selection": "1",
        "d3-timer": "1"
      }
    },
    "d3-voronoi": {
      "version": "1.0.0",
      "resolved": "https://registry.npmjs.org/d3-voronoi/-/d3-voronoi-1.0.0.tgz",
      "integrity": "sha1-EYoC12Xi4wTLJCeYkC0H0aJn+Cc="
    },
    "d3-zoom": {
      "version": "1.0.1",
      "resolved": "https://registry.npmjs.org/d3-zoom/-/d3-zoom-1.0.1.tgz",
      "integrity": "sha1-mbS2XVZ8ckLLjSi2FTpJhONP1Xc=",
      "requires": {
        "d3-dispatch": "1",
        "d3-drag": "1",
        "d3-interpolate": "1",
        "d3-selection": "1",
        "d3-transition": "1"
      }
    },
    "jquery": {
      "version": "3.5.0",
      "resolved": "https://registry.npmjs.org/jquery/-/jquery-3.5.0.tgz",
      "integrity": "sha512-Xb7SVYMvygPxbFMpTFQiHh1J7HClEaThguL15N/Gg37Lri/qKyhRGZYzHRyLH8Stq3Aow0LsHO2O2ci86fCrNQ=="
    },
    "rw": {
      "version": "1.3.3",
      "resolved": "https://registry.npmjs.org/rw/-/rw-1.3.3.tgz",
      "integrity": "sha1-P4Yt+pGrdmsUiF700BEkv9oHT7Q="
    },
    "xmlhttprequest": {
      "version": "1.8.0",
      "resolved": "https://registry.npmjs.org/xmlhttprequest/-/xmlhttprequest-1.8.0.tgz",
      "integrity": "sha1-Z/4HXFwk/vOfnWX197f+dRcZaPw="
    }
  }
}
